
Microsoft Visual Studio Solution File, Format Version 12.00
# Visual Studio Version 16
VisualStudioVersion = 16.0.34931.43
MinimumVisualStudioVersion = 10.0.40219.1
Project("{FAE04EC0-301F-11D3-BF4B-00C04F79EFBC}") = "assign2ques4", "assign2ques4\assign2ques4.csproj", "{106B7990-F53B-4860-82BC-610242D53714}"
EndProject
Global
	GlobalSection(SolutionConfigurationPlatforms) = preSolution
		Debug|Any CPU = Debug|Any CPU
		Release|Any CPU = Release|Any CPU
	EndGlobalSection
	GlobalSection(ProjectConfigurationPlatforms) = postSolution
		{106B7990-F53B-4860-82BC-610242D53714}.Debug|Any CPU.ActiveCfg = Debug|Any CPU
		{106B7990-F53B-4860-82BC-610242D53714}.Debug|Any CPU.Build.0 = Debug|Any CPU
		{106B7990-F53B-4860-82BC-610242D53714}.Release|Any CPU.ActiveCfg = Release|Any CPU
		{106B7990-F53B-4860-82BC-610242D53714}.Release|Any CPU.Build.0 = Release|Any CPU
	EndGlobalSection
	GlobalSection(SolutionProperties) = preSolution
		HideSolutionNode = FALSE
	EndGlobalSection
	GlobalSection(ExtensibilityGlobals) = postSolution
		SolutionGuid = {D236BC75-4326-4AB4-BD22-72736BEE4A3C}
	EndGlobalSection
EndGlobal
