
Microsoft Visual Studio Solution File, Format Version 12.00
# Visual Studio Version 16
VisualStudioVersion = 16.0.34931.43
MinimumVisualStudioVersion = 10.0.40219.1
Project("{FAE04EC0-301F-11D3-BF4B-00C04F79EFBC}") = "assign2ques8", "assign2ques8\assign2ques8.csproj", "{981F7510-CEA1-49A0-952E-7EB6CCE00AB5}"
EndProject
Global
	GlobalSection(SolutionConfigurationPlatforms) = preSolution
		Debug|Any CPU = Debug|Any CPU
		Release|Any CPU = Release|Any CPU
	EndGlobalSection
	GlobalSection(ProjectConfigurationPlatforms) = postSolution
		{981F7510-CEA1-49A0-952E-7EB6CCE00AB5}.Debug|Any CPU.ActiveCfg = Debug|Any CPU
		{981F7510-CEA1-49A0-952E-7EB6CCE00AB5}.Debug|Any CPU.Build.0 = Debug|Any CPU
		{981F7510-CEA1-49A0-952E-7EB6CCE00AB5}.Release|Any CPU.ActiveCfg = Release|Any CPU
		{981F7510-CEA1-49A0-952E-7EB6CCE00AB5}.Release|Any CPU.Build.0 = Release|Any CPU
	EndGlobalSection
	GlobalSection(SolutionProperties) = preSolution
		HideSolutionNode = FALSE
	EndGlobalSection
	GlobalSection(ExtensibilityGlobals) = postSolution
		SolutionGuid = {DC6BC075-04EE-4D81-8C6B-F355B011E2BD}
	EndGlobalSection
EndGlobal
