
Microsoft Visual Studio Solution File, Format Version 12.00
# Visual Studio Version 16
VisualStudioVersion = 16.0.34931.43
MinimumVisualStudioVersion = 10.0.40219.1
Project("{FAE04EC0-301F-11D3-BF4B-00C04F79EFBC}") = "ConsoleApp2", "ConsoleApp2\ConsoleApp2.csproj", "{DC249B0C-5A6C-4955-8C8B-38BB11F16745}"
EndProject
Global
	GlobalSection(SolutionConfigurationPlatforms) = preSolution
		Debug|Any CPU = Debug|Any CPU
		Release|Any CPU = Release|Any CPU
	EndGlobalSection
	GlobalSection(ProjectConfigurationPlatforms) = postSolution
		{DC249B0C-5A6C-4955-8C8B-38BB11F16745}.Debug|Any CPU.ActiveCfg = Debug|Any CPU
		{DC249B0C-5A6C-4955-8C8B-38BB11F16745}.Debug|Any CPU.Build.0 = Debug|Any CPU
		{DC249B0C-5A6C-4955-8C8B-38BB11F16745}.Release|Any CPU.ActiveCfg = Release|Any CPU
		{DC249B0C-5A6C-4955-8C8B-38BB11F16745}.Release|Any CPU.Build.0 = Release|Any CPU
	EndGlobalSection
	GlobalSection(SolutionProperties) = preSolution
		HideSolutionNode = FALSE
	EndGlobalSection
	GlobalSection(ExtensibilityGlobals) = postSolution
		SolutionGuid = {DADE65D5-7C17-4428-915F-B471B1CC1D3A}
	EndGlobalSection
EndGlobal
