
Microsoft Visual Studio Solution File, Format Version 12.00
# Visual Studio Version 16
VisualStudioVersion = 16.0.34931.43
MinimumVisualStudioVersion = 10.0.40219.1
Project("{FAE04EC0-301F-11D3-BF4B-00C04F79EFBC}") = "assign2ques5", "assign2ques5\assign2ques5.csproj", "{4FD42932-ECED-4EE0-BB95-7DF31F6C073E}"
EndProject
Global
	GlobalSection(SolutionConfigurationPlatforms) = preSolution
		Debug|Any CPU = Debug|Any CPU
		Release|Any CPU = Release|Any CPU
	EndGlobalSection
	GlobalSection(ProjectConfigurationPlatforms) = postSolution
		{4FD42932-ECED-4EE0-BB95-7DF31F6C073E}.Debug|Any CPU.ActiveCfg = Debug|Any CPU
		{4FD42932-ECED-4EE0-BB95-7DF31F6C073E}.Debug|Any CPU.Build.0 = Debug|Any CPU
		{4FD42932-ECED-4EE0-BB95-7DF31F6C073E}.Release|Any CPU.ActiveCfg = Release|Any CPU
		{4FD42932-ECED-4EE0-BB95-7DF31F6C073E}.Release|Any CPU.Build.0 = Release|Any CPU
	EndGlobalSection
	GlobalSection(SolutionProperties) = preSolution
		HideSolutionNode = FALSE
	EndGlobalSection
	GlobalSection(ExtensibilityGlobals) = postSolution
		SolutionGuid = {2CFB46C2-2B1B-46F3-9D61-093262E61451}
	EndGlobalSection
EndGlobal
