
Microsoft Visual Studio Solution File, Format Version 12.00
# Visual Studio Version 16
VisualStudioVersion = 16.0.34931.43
MinimumVisualStudioVersion = 10.0.40219.1
Project("{FAE04EC0-301F-11D3-BF4B-00C04F79EFBC}") = "assess2ques1", "assess2ques1\assess2ques1.csproj", "{5A0C7E1C-9558-4B66-AC9C-9A1F8E46DC36}"
EndProject
Global
	GlobalSection(SolutionConfigurationPlatforms) = preSolution
		Debug|Any CPU = Debug|Any CPU
		Release|Any CPU = Release|Any CPU
	EndGlobalSection
	GlobalSection(ProjectConfigurationPlatforms) = postSolution
		{5A0C7E1C-9558-4B66-AC9C-9A1F8E46DC36}.Debug|Any CPU.ActiveCfg = Debug|Any CPU
		{5A0C7E1C-9558-4B66-AC9C-9A1F8E46DC36}.Debug|Any CPU.Build.0 = Debug|Any CPU
		{5A0C7E1C-9558-4B66-AC9C-9A1F8E46DC36}.Release|Any CPU.ActiveCfg = Release|Any CPU
		{5A0C7E1C-9558-4B66-AC9C-9A1F8E46DC36}.Release|Any CPU.Build.0 = Release|Any CPU
	EndGlobalSection
	GlobalSection(SolutionProperties) = preSolution
		HideSolutionNode = FALSE
	EndGlobalSection
	GlobalSection(ExtensibilityGlobals) = postSolution
		SolutionGuid = {36C1B167-B2CD-45C3-A5CD-E2298048E46F}
	EndGlobalSection
EndGlobal
