
Microsoft Visual Studio Solution File, Format Version 12.00
# Visual Studio Version 16
VisualStudioVersion = 16.0.34931.43
MinimumVisualStudioVersion = 10.0.40219.1
Project("{FAE04EC0-301F-11D3-BF4B-00C04F79EFBC}") = "ConsoleApp1", "ConsoleApp1\ConsoleApp1.csproj", "{97743A9F-AACB-4ED7-B970-D49C7FE64708}"
EndProject
Global
	GlobalSection(SolutionConfigurationPlatforms) = preSolution
		Debug|Any CPU = Debug|Any CPU
		Release|Any CPU = Release|Any CPU
	EndGlobalSection
	GlobalSection(ProjectConfigurationPlatforms) = postSolution
		{97743A9F-AACB-4ED7-B970-D49C7FE64708}.Debug|Any CPU.ActiveCfg = Debug|Any CPU
		{97743A9F-AACB-4ED7-B970-D49C7FE64708}.Debug|Any CPU.Build.0 = Debug|Any CPU
		{97743A9F-AACB-4ED7-B970-D49C7FE64708}.Release|Any CPU.ActiveCfg = Release|Any CPU
		{97743A9F-AACB-4ED7-B970-D49C7FE64708}.Release|Any CPU.Build.0 = Release|Any CPU
	EndGlobalSection
	GlobalSection(SolutionProperties) = preSolution
		HideSolutionNode = FALSE
	EndGlobalSection
	GlobalSection(ExtensibilityGlobals) = postSolution
		SolutionGuid = {FE8FFB7A-57EF-4F66-B04F-0FE00F78FCB3}
	EndGlobalSection
EndGlobal
