
Microsoft Visual Studio Solution File, Format Version 12.00
# Visual Studio Version 16
VisualStudioVersion = 16.0.35026.282
MinimumVisualStudioVersion = 10.0.40219.1
Project("{F184B08F-C81C-45F6-A57F-5ABD9991F28F}") = "MVCAssess1ques2", "MVCAssess1ques2\MVCAssess1ques2.vbproj", "{44AAD922-B112-4EFD-A2A9-C529578F9EAD}"
EndProject
Global
	GlobalSection(SolutionConfigurationPlatforms) = preSolution
		Debug|Any CPU = Debug|Any CPU
		Release|Any CPU = Release|Any CPU
	EndGlobalSection
	GlobalSection(ProjectConfigurationPlatforms) = postSolution
		{44AAD922-B112-4EFD-A2A9-C529578F9EAD}.Debug|Any CPU.ActiveCfg = Debug|Any CPU
		{44AAD922-B112-4EFD-A2A9-C529578F9EAD}.Debug|Any CPU.Build.0 = Debug|Any CPU
		{44AAD922-B112-4EFD-A2A9-C529578F9EAD}.Release|Any CPU.ActiveCfg = Release|Any CPU
		{44AAD922-B112-4EFD-A2A9-C529578F9EAD}.Release|Any CPU.Build.0 = Release|Any CPU
	EndGlobalSection
	GlobalSection(SolutionProperties) = preSolution
		HideSolutionNode = FALSE
	EndGlobalSection
	GlobalSection(ExtensibilityGlobals) = postSolution
		SolutionGuid = {56F68BCD-3807-49D7-9F29-A0229BCC49B8}
	EndGlobalSection
EndGlobal
