
Microsoft Visual Studio Solution File, Format Version 12.00
# Visual Studio Version 16
VisualStudioVersion = 16.0.34931.43
MinimumVisualStudioVersion = 10.0.40219.1
Project("{FAE04EC0-301F-11D3-BF4B-00C04F79EFBC}") = "ConsoleApp6", "ConsoleApp6\ConsoleApp6.csproj", "{9F5F73DE-5647-4E59-AC0F-DE3E57A907FD}"
EndProject
Global
	GlobalSection(SolutionConfigurationPlatforms) = preSolution
		Debug|Any CPU = Debug|Any CPU
		Release|Any CPU = Release|Any CPU
	EndGlobalSection
	GlobalSection(ProjectConfigurationPlatforms) = postSolution
		{9F5F73DE-5647-4E59-AC0F-DE3E57A907FD}.Debug|Any CPU.ActiveCfg = Debug|Any CPU
		{9F5F73DE-5647-4E59-AC0F-DE3E57A907FD}.Debug|Any CPU.Build.0 = Debug|Any CPU
		{9F5F73DE-5647-4E59-AC0F-DE3E57A907FD}.Release|Any CPU.ActiveCfg = Release|Any CPU
		{9F5F73DE-5647-4E59-AC0F-DE3E57A907FD}.Release|Any CPU.Build.0 = Release|Any CPU
	EndGlobalSection
	GlobalSection(SolutionProperties) = preSolution
		HideSolutionNode = FALSE
	EndGlobalSection
	GlobalSection(ExtensibilityGlobals) = postSolution
		SolutionGuid = {8BB72B8F-CEDF-4F5D-B444-007FE2DCA6BB}
	EndGlobalSection
EndGlobal
